{
  "version": 2,
  "dependencies": {
    "net9.0": {
      "Bluehill.Imports": {
        "type": "Direct",
        "requested": "[1.0.9, )",
        "resolved": "1.0.9",
        "contentHash": "r3ePwQMhwbAPM86ScTTcSZ2bq/DM8MkCnyYEY0biz5CXB5Enu/Mmf5hVZMd+/lZeOwPFQq3hNAm/dg0bDFpHmA==",
        "dependencies": {
          "Bluehill.Analyzers": "1.2.0",
          "Roslynator.Analyzers": "4.12.10",
          "Roslynator.Formatting.Analyzers": "4.12.10"
        }
      },
      "Microsoft.NET.Test.Sdk": {
        "type": "Direct",
        "requested": "[17.12.0, )",
        "resolved": "17.12.0",
        "contentHash": "kt/PKBZ91rFCWxVIJZSgVLk+YR+4KxTuHf799ho8WNiK5ZQpJNAEZCAWX86vcKrs+DiYjiibpYKdGZP6+/N17w==",
        "dependencies": {
          "Microsoft.CodeCoverage": "17.12.0",
          "Microsoft.TestPlatform.TestHost": "17.12.0"
        }
      },
      "xunit.runner.visualstudio": {
        "type": "Direct",
        "requested": "[3.0.0, )",
        "resolved": "3.0.0",
        "contentHash": "HggUqjQJe8PtDxcP25Q+CnR6Lz4oX3GElhD9V4oU2+75x9HI6A6sxbfKGS4UwU4t4yJaS9fBmAuriz8bQApNjw=="
      },
      "xunit.v3": {
        "type": "Direct",
        "requested": "[1.0.0, )",
        "resolved": "1.0.0",
        "contentHash": "jomUqCyfbILuGa4zWFAU1knj1n5/1H44ACDo7iu6DZlmmSbYlyYgB6Vzy8gxab6eh78otXDF/ntjktDCRkTMIg==",
        "dependencies": {
          "xunit.analyzers": "1.18.0",
          "xunit.v3.assert": "[1.0.0]",
          "xunit.v3.core": "[1.0.0]"
        }
      },
      "Bluehill.Analyzers": {
        "type": "Transitive",
        "resolved": "1.2.0",
        "contentHash": "vsLjAh+2Fv7Yij7sqFvkFxf5lRv4R+FqbRIl8CGCiNSzxFywisYIeueJiQp5wp7nvYunJy9bJ0YS0EH6PbEKJQ=="
      },
      "Microsoft.Bcl.AsyncInterfaces": {
        "type": "Transitive",
        "resolved": "6.0.0",
        "contentHash": "UcSjPsst+DfAdJGVDsu346FX0ci0ah+lw3WRtn18NUwEqRt70HaOQ7lI72vy3+1LxtqI3T5GWwV39rQSrCzAeg=="
      },
      "Microsoft.CodeCoverage": {
        "type": "Transitive",
        "resolved": "17.12.0",
        "contentHash": "4svMznBd5JM21JIG2xZKGNanAHNXplxf/kQDFfLHXQ3OnpJkayRK/TjacFjA+EYmoyuNXHo/sOETEfcYtAzIrA=="
      },
      "Microsoft.Testing.Extensions.TrxReport.Abstractions": {
        "type": "Transitive",
        "resolved": "1.4.3",
        "contentHash": "16sWznD6ZMok/zgW+vrO6zerCFMD9N+ey9bi1iV/e9xxsQb4V4y/aW6cY/Y7E9jA7pc+aZ6ffZby43yxQOoYZA==",
        "dependencies": {
          "Microsoft.Testing.Platform": "1.4.3"
        }
      },
      "Microsoft.Testing.Platform": {
        "type": "Transitive",
        "resolved": "1.4.3",
        "contentHash": "NedIbwl1T7+ZMeg7gwk0Db8/RFLf0siyVpeTcRMMOle6Xl/ujaYOM4Aduo8rEfVqNj3kcQ7blegpyT3dHi+0PA=="
      },
      "Microsoft.Testing.Platform.MSBuild": {
        "type": "Transitive",
        "resolved": "1.4.3",
        "contentHash": "1gGqgHtiZ6tZn/6Tby+qlKpNe5Ye/5LnxlSsyl4XMZ4m4V+Cu1K1m+gD1zxoxHIvLjgX8mCnQRK95MGBBFuumw==",
        "dependencies": {
          "Microsoft.Testing.Platform": "1.4.3"
        }
      },
      "Microsoft.TestPlatform.ObjectModel": {
        "type": "Transitive",
        "resolved": "17.12.0",
        "contentHash": "TDqkTKLfQuAaPcEb3pDDWnh7b3SyZF+/W9OZvWFp6eJCIiiYFdSB6taE2I6tWrFw5ywhzOb6sreoGJTI6m3rSQ==",
        "dependencies": {
          "System.Reflection.Metadata": "1.6.0"
        }
      },
      "Microsoft.TestPlatform.TestHost": {
        "type": "Transitive",
        "resolved": "17.12.0",
        "contentHash": "MiPEJQNyADfwZ4pJNpQex+t9/jOClBGMiCiVVFuELCMSX2nmNfvUor3uFVxNNCg30uxDP8JDYfPnMXQzsfzYyg==",
        "dependencies": {
          "Microsoft.TestPlatform.ObjectModel": "17.12.0",
          "Newtonsoft.Json": "13.0.1"
        }
      },
      "Newtonsoft.Json": {
        "type": "Transitive",
        "resolved": "13.0.1",
        "contentHash": "ppPFpBcvxdsfUonNcvITKqLl3bqxWbDCZIzDWHzjpdAHRFfZe0Dw9HmA0+za13IdyrgJwpkDTDA9fHaxOrt20A=="
      },
      "Roslynator.Analyzers": {
        "type": "Transitive",
        "resolved": "4.12.10",
        "contentHash": "Wecq3nfhTvnJPxX87hKbjMdX1xeCAMJf9rdBX3nQLTntQs9v0fFbUB2eQSSOArXMuFh7MxjLWaL4+b6XMi1NDA=="
      },
      "Roslynator.Formatting.Analyzers": {
        "type": "Transitive",
        "resolved": "4.12.10",
        "contentHash": "Yz0OhQtuECTPBMoURxcv1XKgquVpUcUOpRGac8tormJSJzbMYK8qvVSvjIvQkQOrfYPLFa8aak5200BEAq/X9Q=="
      },
      "System.Reflection.Metadata": {
        "type": "Transitive",
        "resolved": "1.6.0",
        "contentHash": "COC1aiAJjCoA5GBF+QKL2uLqEBew4JsCkQmoHKbN3TlOZKa2fKLz5CpiRQKDz0RsAOEGsVKqOD5bomsXq/4STQ=="
      },
      "xunit.analyzers": {
        "type": "Transitive",
        "resolved": "1.18.0",
        "contentHash": "OtFMHN8yqIcYP9wcVIgJrq01AfTxijjAqVDy/WeQVSyrDC1RzBWeQPztL49DN2syXRah8TYnfvk035s7L95EZQ=="
      },
      "xunit.v3.assert": {
        "type": "Transitive",
        "resolved": "1.0.0",
        "contentHash": "XGJP9QfdvT0cF14yPBe8uWQIEJaoaLXKhxWCE3W2mjugUYjiWVCoE1HtPDpoUiKRLcECvTJpmUHngebWTQUMog=="
      },
      "xunit.v3.common": {
        "type": "Transitive",
        "resolved": "1.0.0",
        "contentHash": "3w/BtAJe83G73KXpxrejrQw+eO51gmFrHUov5rq2jfb9nFUYWrSvdK55aIPh1SMXZMNka3qnCvkmhFVZ8o7PtA==",
        "dependencies": {
          "Microsoft.Bcl.AsyncInterfaces": "6.0.0"
        }
      },
      "xunit.v3.core": {
        "type": "Transitive",
        "resolved": "1.0.0",
        "contentHash": "1OIr5m7smSIHaNPUe8IJ3+UvsQb9KiIQMwUm2uDcLB3w8Z2e1sg0ND4TcVzNltCuWVEnXU73XpNHwrCNLbaQYA==",
        "dependencies": {
          "Microsoft.Testing.Platform.MSBuild": "1.4.3",
          "xunit.v3.extensibility.core": "[1.0.0]",
          "xunit.v3.runner.inproc.console": "[1.0.0]"
        }
      },
      "xunit.v3.extensibility.core": {
        "type": "Transitive",
        "resolved": "1.0.0",
        "contentHash": "TsRSMWPnrZ0uAPBKWCusQi5l406IlwtzIDguID70XrytDmD2H/9yUqoFruMpYfrLPep/vFnv+26L6/6J57TyVQ==",
        "dependencies": {
          "xunit.v3.common": "[1.0.0]"
        }
      },
      "xunit.v3.runner.common": {
        "type": "Transitive",
        "resolved": "1.0.0",
        "contentHash": "971vQ/IVmxWxKu6Rd9GlCBuoSTn2JH5S6GFUhlaCnMDpx36VjhrwVt2qS2RcMO6Hu4TlNyBEsZqgZ8g6HyMXSQ==",
        "dependencies": {
          "xunit.v3.common": "[1.0.0]"
        }
      },
      "xunit.v3.runner.inproc.console": {
        "type": "Transitive",
        "resolved": "1.0.0",
        "contentHash": "UwtiQZUVpxhulszBKH5Qvuu6Oxs8UXteZEOaOosP9lCXjvBvprxyeHFQCVfMuxKPbITx3MA7h9W7D5vgrR9lzQ==",
        "dependencies": {
          "Microsoft.Testing.Extensions.TrxReport.Abstractions": "1.4.3",
          "Microsoft.Testing.Platform": "1.4.3",
          "xunit.v3.extensibility.core": "[1.0.0]",
          "xunit.v3.runner.common": "[1.0.0]"
        }
      },
      "bluehill.hangul": {
        "type": "Project"
      }
    }
  }
}