{
  "version": 2,
  "dependencies": {
    "net9.0": {
      "Bluehill.Imports": {
        "type": "Direct",
        "requested": "[1.0.11, )",
        "resolved": "1.0.11",
        "contentHash": "fh54FR1Ax9eC87diV3EDtptWeIvQittYEzoleVx69jPHvgpVngHh6nMPxuubiCc8SFW5bdpg1zzOHQue2Gg0kg==",
        "dependencies": {
          "Bluehill.Analyzers": "1.4.0",
          "Roslynator.Analyzers": "4.12.10",
          "Roslynator.Formatting.Analyzers": "4.12.10"
        }
      },
      "Microsoft.NET.Test.Sdk": {
        "type": "Direct",
        "requested": "[17.12.0, )",
        "resolved": "17.12.0",
        "contentHash": "kt/PKBZ91rFCWxVIJZSgVLk+YR+4KxTuHf799ho8WNiK5ZQpJNAEZCAWX86vcKrs+DiYjiibpYKdGZP6+/N17w==",
        "dependencies": {
          "Microsoft.CodeCoverage": "17.12.0",
          "Microsoft.TestPlatform.TestHost": "17.12.0"
        }
      },
      "xunit.runner.visualstudio": {
        "type": "Direct",
        "requested": "[3.0.1, )",
        "resolved": "3.0.1",
        "contentHash": "lbyYtsBxA8Pz8kaf5Xn/Mj1mL9z2nlBWdZhqFaj66nxXBa4JwiTDm4eGcpSMet6du9TOWI6bfha+gQR6+IHawg=="
      },
      "xunit.v3": {
        "type": "Direct",
        "requested": "[1.0.1, )",
        "resolved": "1.0.1",
        "contentHash": "xJtR22OTww41i3q9EyB8BJD9cBvHMqJ0DQMEkd74QxQ/ZwjxfiPifipXlFtJBO4lTZG8yfTCYMHfDAYnyWXJgg==",
        "dependencies": {
          "xunit.analyzers": "1.19.0",
          "xunit.v3.assert": "[1.0.1]",
          "xunit.v3.core": "[1.0.1]"
        }
      },
      "Bluehill.Analyzers": {
        "type": "Transitive",
        "resolved": "1.4.0",
        "contentHash": "uo+9s0ex8bP1QmdPiQKgliiznkbteqM+XWBGFDexNsOaDEQ+YT9GhGCn5qvfr2c5xLscop6kgPBZGSROeG3Xcw=="
      },
      "Microsoft.Bcl.AsyncInterfaces": {
        "type": "Transitive",
        "resolved": "6.0.0",
        "contentHash": "UcSjPsst+DfAdJGVDsu346FX0ci0ah+lw3WRtn18NUwEqRt70HaOQ7lI72vy3+1LxtqI3T5GWwV39rQSrCzAeg=="
      },
      "Microsoft.CodeCoverage": {
        "type": "Transitive",
        "resolved": "17.12.0",
        "contentHash": "4svMznBd5JM21JIG2xZKGNanAHNXplxf/kQDFfLHXQ3OnpJkayRK/TjacFjA+EYmoyuNXHo/sOETEfcYtAzIrA=="
      },
      "Microsoft.Testing.Extensions.TrxReport.Abstractions": {
        "type": "Transitive",
        "resolved": "1.5.0",
        "contentHash": "3vMXWbqqy3rSXYlPshR7CPqG0bgGDOhasyhVtqhAOy2tMED6VKU/IbKNMUmEuqgPNjMkCaicDTfNdXsrJPKcsw==",
        "dependencies": {
          "Microsoft.Testing.Platform": "1.5.0"
        }
      },
      "Microsoft.Testing.Platform": {
        "type": "Transitive",
        "resolved": "1.5.0",
        "contentHash": "L6MsgthfCEuqx4Z3VWmUzilFN4I4hrRIXY0UgGTP9sv9upt1V9m5x9m7fWUKRrnzoE8yTFeRxw1KaI9XmXIzRA=="
      },
      "Microsoft.Testing.Platform.MSBuild": {
        "type": "Transitive",
        "resolved": "1.5.0",
        "contentHash": "D3mL4Tz0m6nDkbl0ZdTnHiyKMqxDc84mtDiFzM6HQgfLlc5OIdZgN+MCj6YD1CW/izQO566XHOFImTSxluiLIg==",
        "dependencies": {
          "Microsoft.Testing.Platform": "1.5.0"
        }
      },
      "Microsoft.TestPlatform.ObjectModel": {
        "type": "Transitive",
        "resolved": "17.12.0",
        "contentHash": "TDqkTKLfQuAaPcEb3pDDWnh7b3SyZF+/W9OZvWFp6eJCIiiYFdSB6taE2I6tWrFw5ywhzOb6sreoGJTI6m3rSQ==",
        "dependencies": {
          "System.Reflection.Metadata": "1.6.0"
        }
      },
      "Microsoft.TestPlatform.TestHost": {
        "type": "Transitive",
        "resolved": "17.12.0",
        "contentHash": "MiPEJQNyADfwZ4pJNpQex+t9/jOClBGMiCiVVFuELCMSX2nmNfvUor3uFVxNNCg30uxDP8JDYfPnMXQzsfzYyg==",
        "dependencies": {
          "Microsoft.TestPlatform.ObjectModel": "17.12.0",
          "Newtonsoft.Json": "13.0.1"
        }
      },
      "Newtonsoft.Json": {
        "type": "Transitive",
        "resolved": "13.0.1",
        "contentHash": "ppPFpBcvxdsfUonNcvITKqLl3bqxWbDCZIzDWHzjpdAHRFfZe0Dw9HmA0+za13IdyrgJwpkDTDA9fHaxOrt20A=="
      },
      "Roslynator.Analyzers": {
        "type": "Transitive",
        "resolved": "4.12.10",
        "contentHash": "Wecq3nfhTvnJPxX87hKbjMdX1xeCAMJf9rdBX3nQLTntQs9v0fFbUB2eQSSOArXMuFh7MxjLWaL4+b6XMi1NDA=="
      },
      "Roslynator.Formatting.Analyzers": {
        "type": "Transitive",
        "resolved": "4.12.10",
        "contentHash": "Yz0OhQtuECTPBMoURxcv1XKgquVpUcUOpRGac8tormJSJzbMYK8qvVSvjIvQkQOrfYPLFa8aak5200BEAq/X9Q=="
      },
      "System.Reflection.Metadata": {
        "type": "Transitive",
        "resolved": "1.6.0",
        "contentHash": "COC1aiAJjCoA5GBF+QKL2uLqEBew4JsCkQmoHKbN3TlOZKa2fKLz5CpiRQKDz0RsAOEGsVKqOD5bomsXq/4STQ=="
      },
      "xunit.analyzers": {
        "type": "Transitive",
        "resolved": "1.19.0",
        "contentHash": "T2W88QqtsS9nXlxSWAlf1smwovtR1BUSF8+rgy78sVghicnVkGnZ9GHFpS70OD4iNVbd3HPDI+XsvGbbE3nYgQ=="
      },
      "xunit.v3.assert": {
        "type": "Transitive",
        "resolved": "1.0.1",
        "contentHash": "AOw8nBQxKrCa59CBO7pCe92vH706uUd1dnQ1H0Lwu1oaPTmAmWFIlhPu1FqSmDKSRHTW7dfIfy9E1GwdvYduFA=="
      },
      "xunit.v3.common": {
        "type": "Transitive",
        "resolved": "1.0.1",
        "contentHash": "n1RGdjKLH37BAkeq+NDx67ckFYVmPuzoFwsqlrOrJdanmPhU2hTmP0lqZBtniroT9bjKwGE+eRkHk9knmTS6AQ==",
        "dependencies": {
          "Microsoft.Bcl.AsyncInterfaces": "6.0.0"
        }
      },
      "xunit.v3.core": {
        "type": "Transitive",
        "resolved": "1.0.1",
        "contentHash": "OxbrhTRZSkcfRfRm610Beg4VU7CuUCD1c5UzhGivOU+ZeLERR8vgXRwZA+Suoml9QutEj9guhhw9Mgv/sKDM1Q==",
        "dependencies": {
          "Microsoft.Testing.Platform.MSBuild": "1.5.0",
          "xunit.v3.extensibility.core": "[1.0.1]",
          "xunit.v3.runner.inproc.console": "[1.0.1]"
        }
      },
      "xunit.v3.extensibility.core": {
        "type": "Transitive",
        "resolved": "1.0.1",
        "contentHash": "7N5nLVLVmcojocZfqiRR+XLq5tPTalZmcY6qBZ1JzRXEKBF2A/ZzOvvq2XcsrWFLXmsIBu2K8wkLnKRVLOKRMQ==",
        "dependencies": {
          "xunit.v3.common": "[1.0.1]"
        }
      },
      "xunit.v3.runner.common": {
        "type": "Transitive",
        "resolved": "1.0.1",
        "contentHash": "P7/I8M02npX0vES/AjbwkqrUsz9d+G/uocVYAen3De/mi/mvr8pwa0fXdtcHIuqgVP3vSaNK+PqVKSM2++8rZg==",
        "dependencies": {
          "xunit.v3.common": "[1.0.1]"
        }
      },
      "xunit.v3.runner.inproc.console": {
        "type": "Transitive",
        "resolved": "1.0.1",
        "contentHash": "UTayRV182U83YEGqZHZ/7CRrASCfSbC4qIt0R5cIgCzxIYjjozo7qkuMoKAPSUNI+YzBDiniYUvPcIeCYVTpwQ==",
        "dependencies": {
          "Microsoft.Testing.Extensions.TrxReport.Abstractions": "1.5.0",
          "Microsoft.Testing.Platform": "1.5.0",
          "xunit.v3.extensibility.core": "[1.0.1]",
          "xunit.v3.runner.common": "[1.0.1]"
        }
      },
      "bluehill.hangul": {
        "type": "Project"
      }
    }
  }
}